
Microsoft Visual Studio Solution File, Format Version 12.00
# Visual Studio Version 17
VisualStudioVersion = 17.13.35919.96 d17.13
MinimumVisualStudioVersion = 10.0.40219.1
Project("{FAE04EC0-301F-11D3-BF4B-00C04F79EFBC}") = "Tupresupuestoweb", "Tupresupuestoweb.csproj", "{4822A7E3-DD15-46E1-B261-24D62D7B62DC}"
EndProject
Global
	GlobalSection(SolutionConfigurationPlatforms) = preSolution
		Debug|Any CPU = Debug|Any CPU
		Release|Any CPU = Release|Any CPU
	EndGlobalSection
	GlobalSection(ProjectConfigurationPlatforms) = postSolution
		{4822A7E3-DD15-46E1-B261-24D62D7B62DC}.Debug|Any CPU.ActiveCfg = Debug|Any CPU
		{4822A7E3-DD15-46E1-B261-24D62D7B62DC}.Debug|Any CPU.Build.0 = Debug|Any CPU
		{4822A7E3-DD15-46E1-B261-24D62D7B62DC}.Release|Any CPU.ActiveCfg = Release|Any CPU
		{4822A7E3-DD15-46E1-B261-24D62D7B62DC}.Release|Any CPU.Build.0 = Release|Any CPU
	EndGlobalSection
	GlobalSection(SolutionProperties) = preSolution
		HideSolutionNode = FALSE
	EndGlobalSection
	GlobalSection(ExtensibilityGlobals) = postSolution
		SolutionGuid = {53E26EA4-3D84-4F25-AA87-EE28BF9A90C3}
	EndGlobalSection
EndGlobal
